
Microsoft Visual Studio Solution File, Format Version 12.00
# Visual Studio 2012
Project("{FAE04EC0-301F-11D3-BF4B-00C04F79EFBC}") = "DddByNight", "DddByNight\DddByNight.csproj", "{EDACF041-804D-442F-BA25-0A9541F99879}"
EndProject
Project("{FAE04EC0-301F-11D3-BF4B-00C04F79EFBC}") = "DddByNight.iOS", "iOS\DddByNight.iOS.csproj", "{1CC564EE-9855-4E12-9E91-6BC675687B57}"
EndProject
Project("{FAE04EC0-301F-11D3-BF4B-00C04F79EFBC}") = "DddByNight.Droid", "Droid\DddByNight.Droid.csproj", "{BBCACA3B-DFCB-4629-8978-785D3B069324}"
EndProject
Global
	GlobalSection(SolutionConfigurationPlatforms) = preSolution
		Debug|Any CPU = Debug|Any CPU
		Release|Any CPU = Release|Any CPU
		Debug|iPhoneSimulator = Debug|iPhoneSimulator
		Release|iPhone = Release|iPhone
		Release|iPhoneSimulator = Release|iPhoneSimulator
		Debug|iPhone = Debug|iPhone
	EndGlobalSection
	GlobalSection(ProjectConfigurationPlatforms) = postSolution
		{EDACF041-804D-442F-BA25-0A9541F99879}.Debug|Any CPU.ActiveCfg = Debug|Any CPU
		{EDACF041-804D-442F-BA25-0A9541F99879}.Debug|Any CPU.Build.0 = Debug|Any CPU
		{EDACF041-804D-442F-BA25-0A9541F99879}.Release|Any CPU.ActiveCfg = Release|Any CPU
		{EDACF041-804D-442F-BA25-0A9541F99879}.Release|Any CPU.Build.0 = Release|Any CPU
		{EDACF041-804D-442F-BA25-0A9541F99879}.Debug|iPhoneSimulator.ActiveCfg = Debug|Any CPU
		{EDACF041-804D-442F-BA25-0A9541F99879}.Debug|iPhoneSimulator.Build.0 = Debug|Any CPU
		{EDACF041-804D-442F-BA25-0A9541F99879}.Release|iPhone.ActiveCfg = Release|Any CPU
		{EDACF041-804D-442F-BA25-0A9541F99879}.Release|iPhone.Build.0 = Release|Any CPU
		{EDACF041-804D-442F-BA25-0A9541F99879}.Release|iPhoneSimulator.ActiveCfg = Release|Any CPU
		{EDACF041-804D-442F-BA25-0A9541F99879}.Release|iPhoneSimulator.Build.0 = Release|Any CPU
		{EDACF041-804D-442F-BA25-0A9541F99879}.Debug|iPhone.ActiveCfg = Debug|Any CPU
		{EDACF041-804D-442F-BA25-0A9541F99879}.Debug|iPhone.Build.0 = Debug|Any CPU
		{1CC564EE-9855-4E12-9E91-6BC675687B57}.Debug|Any CPU.ActiveCfg = Debug|iPhoneSimulator
		{1CC564EE-9855-4E12-9E91-6BC675687B57}.Debug|Any CPU.Build.0 = Debug|iPhoneSimulator
		{1CC564EE-9855-4E12-9E91-6BC675687B57}.Release|Any CPU.ActiveCfg = Debug|iPhoneSimulator
		{1CC564EE-9855-4E12-9E91-6BC675687B57}.Release|Any CPU.Build.0 = Debug|iPhoneSimulator
		{1CC564EE-9855-4E12-9E91-6BC675687B57}.Debug|iPhoneSimulator.ActiveCfg = Debug|iPhoneSimulator
		{1CC564EE-9855-4E12-9E91-6BC675687B57}.Debug|iPhoneSimulator.Build.0 = Debug|iPhoneSimulator
		{1CC564EE-9855-4E12-9E91-6BC675687B57}.Release|iPhone.ActiveCfg = Release|iPhone
		{1CC564EE-9855-4E12-9E91-6BC675687B57}.Release|iPhone.Build.0 = Release|iPhone
		{1CC564EE-9855-4E12-9E91-6BC675687B57}.Release|iPhoneSimulator.ActiveCfg = Release|iPhoneSimulator
		{1CC564EE-9855-4E12-9E91-6BC675687B57}.Release|iPhoneSimulator.Build.0 = Release|iPhoneSimulator
		{1CC564EE-9855-4E12-9E91-6BC675687B57}.Debug|iPhone.ActiveCfg = Debug|iPhone
		{1CC564EE-9855-4E12-9E91-6BC675687B57}.Debug|iPhone.Build.0 = Debug|iPhone
		{BBCACA3B-DFCB-4629-8978-785D3B069324}.Debug|Any CPU.ActiveCfg = Debug|Any CPU
		{BBCACA3B-DFCB-4629-8978-785D3B069324}.Debug|Any CPU.Build.0 = Debug|Any CPU
		{BBCACA3B-DFCB-4629-8978-785D3B069324}.Release|Any CPU.ActiveCfg = Release|Any CPU
		{BBCACA3B-DFCB-4629-8978-785D3B069324}.Release|Any CPU.Build.0 = Release|Any CPU
		{BBCACA3B-DFCB-4629-8978-785D3B069324}.Debug|iPhoneSimulator.ActiveCfg = Debug|Any CPU
		{BBCACA3B-DFCB-4629-8978-785D3B069324}.Debug|iPhoneSimulator.Build.0 = Debug|Any CPU
		{BBCACA3B-DFCB-4629-8978-785D3B069324}.Release|iPhone.ActiveCfg = Release|Any CPU
		{BBCACA3B-DFCB-4629-8978-785D3B069324}.Release|iPhone.Build.0 = Release|Any CPU
		{BBCACA3B-DFCB-4629-8978-785D3B069324}.Release|iPhoneSimulator.ActiveCfg = Release|Any CPU
		{BBCACA3B-DFCB-4629-8978-785D3B069324}.Release|iPhoneSimulator.Build.0 = Release|Any CPU
		{BBCACA3B-DFCB-4629-8978-785D3B069324}.Debug|iPhone.ActiveCfg = Debug|Any CPU
		{BBCACA3B-DFCB-4629-8978-785D3B069324}.Debug|iPhone.Build.0 = Debug|Any CPU
	EndGlobalSection
EndGlobal
